{
    "_meta": {
        "hash": {
            "sha256": "95ae33fdb290d39d2899b790d983e79631fe41512d9a657df268b0be80099a39"
        },
        "pipfile-spec": 6,
        "requires": {
            "python_full_version": "3.8.2",
            "python_version": "3.8"
        },
        "sources": [
            {
                "name": "pypi",
                "url": "https://pypi.org/simple",
                "verify_ssl": true
            }
        ]
    },
    "default": {
        "faker": {
            "hashes": [
                "sha256:2d8a350e952225a145307d7461881c44a1c9320e90fbe8bd903d5947f133f3ec",
                "sha256:ff61cca42547795bee8a11319792a8fee6d0f0cd191e831f7f3050c5851fcd8a"
            ],
            "index": "pypi",
            "markers": "python_version >= '3.8'",
            "version": "==21.0.0"
        },
        "psycopg2": {
            "hashes": [
                "sha256:03a485bf71498870e38b535c0e6e7162d6ac06a91487edddc3b959894d65f79c",
                "sha256:22102cfeb904898254f287b1a77360bf66c636858e7476593acd5267e5c24ff9",
                "sha256:8f4c1800e57ad128d20b2e91d222ca238fffd316cef65be781361cdf35e37979",
                "sha256:b12073fdf2002e828e5921be2c39ff9c6eab361c5c0bd6c529619fc23677accc",
                "sha256:b6f47af317af8110818d255e693cfa80b7f1e435285be09778db7b66efd95789",
                "sha256:d549db98fc0e6db41a2aa0d65f7434c4308a9f64012adb209b9e489f26fe87c6",
                "sha256:e44e39a46af7c30566b7667fb27e701e652ab0a51e05c263a01d3ff0e223b765",
                "sha256:e84c80be7a238d3c9c099b71f6890eaa35fc881146232cce888a88ab1bfb431e",
                "sha256:f3d42bd42302293767b84206d9a446abc67ed4a133e4fe04dad8952de06c2091"
            ],
            "index": "pypi",
            "markers": "python_version >= '3.6'",
            "version": "==2.9"
        },
        "python-dateutil": {
            "hashes": [
                "sha256:0123cacc1627ae19ddf3c27a5de5bd67ee4586fbdd6440d9748f8abb483d3e86",
                "sha256:961d03dc3453ebbc59dbdea9e4e11c5651520a876d0f4db161e8674aae935da9"
            ],
            "markers": "python_version >= '2.7' and python_version not in '3.0, 3.1, 3.2, 3.3'",
            "version": "==2.8.2"
        },
        "six": {
            "hashes": [
                "sha256:1e61c37477a1626458e36f7b1d82aa5c9b094fa4802892072e49de9c60c4c926",
                "sha256:8abb2f1d86890a2dfb989f9a77cfcfd3e47c2a354b01111771326f8aa26e0254"
            ],
            "markers": "python_version >= '2.7' and python_version not in '3.0, 3.1, 3.2, 3.3'",
            "version": "==1.16.0"
        },
        "typing-extensions": {
            "hashes": [
                "sha256:23478f88c37f27d76ac8aee6c905017a143b0b1b886c3c9f66bc2fd94f9f5783",
                "sha256:af72aea155e91adfc61c3ae9e0e342dbc0cba726d6cba4b6c72c1f34e47291cd"
            ],
            "markers": "python_version < '3.9'",
            "version": "==4.9.0"
        }
    },
    "develop": {}
}
